
Microsoft Visual Studio Solution File, Format Version 12.00
# Visual Studio Version 17
VisualStudioVersion = 17.0.31903.59
MinimumVisualStudioVersion = 10.0.40219.1
Project("{2150E333-8FDC-42A3-9474-1A3956D46DE8}") = "netcore", "netcore", "{4A1645B2-CB7C-94BE-78BC-C40126DF7D0C}"
EndProject
Project("{FAE04EC0-301F-11D3-BF4B-00C04F79EFBC}") = "congestion-tax-calculator-net-core", "netcore\congestion-tax-calculator-net-core.csproj", "{EA77D336-93DC-4D82-88F1-D760A18AE856}"
EndProject
Project("{FAE04EC0-301F-11D3-BF4B-00C04F79EFBC}") = "Congestion.Calculator.Demo", "Congestion.Calculator.Demo\Congestion.Calculator.Demo.csproj", "{7461D4C7-2A4D-4A4A-92CA-874E95C499BE}"
EndProject
Global
	GlobalSection(SolutionConfigurationPlatforms) = preSolution
		Debug|Any CPU = Debug|Any CPU
		Debug|x64 = Debug|x64
		Debug|x86 = Debug|x86
		Release|Any CPU = Release|Any CPU
		Release|x64 = Release|x64
		Release|x86 = Release|x86
	EndGlobalSection
	GlobalSection(ProjectConfigurationPlatforms) = postSolution
		{EA77D336-93DC-4D82-88F1-D760A18AE856}.Debug|Any CPU.ActiveCfg = Debug|Any CPU
		{EA77D336-93DC-4D82-88F1-D760A18AE856}.Debug|Any CPU.Build.0 = Debug|Any CPU
		{EA77D336-93DC-4D82-88F1-D760A18AE856}.Debug|x64.ActiveCfg = Debug|Any CPU
		{EA77D336-93DC-4D82-88F1-D760A18AE856}.Debug|x64.Build.0 = Debug|Any CPU
		{EA77D336-93DC-4D82-88F1-D760A18AE856}.Debug|x86.ActiveCfg = Debug|Any CPU
		{EA77D336-93DC-4D82-88F1-D760A18AE856}.Debug|x86.Build.0 = Debug|Any CPU
		{EA77D336-93DC-4D82-88F1-D760A18AE856}.Release|Any CPU.ActiveCfg = Release|Any CPU
		{EA77D336-93DC-4D82-88F1-D760A18AE856}.Release|Any CPU.Build.0 = Release|Any CPU
		{EA77D336-93DC-4D82-88F1-D760A18AE856}.Release|x64.ActiveCfg = Release|Any CPU
		{EA77D336-93DC-4D82-88F1-D760A18AE856}.Release|x64.Build.0 = Release|Any CPU
		{EA77D336-93DC-4D82-88F1-D760A18AE856}.Release|x86.ActiveCfg = Release|Any CPU
		{EA77D336-93DC-4D82-88F1-D760A18AE856}.Release|x86.Build.0 = Release|Any CPU
		{7461D4C7-2A4D-4A4A-92CA-874E95C499BE}.Debug|Any CPU.ActiveCfg = Debug|Any CPU
		{7461D4C7-2A4D-4A4A-92CA-874E95C499BE}.Debug|Any CPU.Build.0 = Debug|Any CPU
		{7461D4C7-2A4D-4A4A-92CA-874E95C499BE}.Debug|x64.ActiveCfg = Debug|Any CPU
		{7461D4C7-2A4D-4A4A-92CA-874E95C499BE}.Debug|x64.Build.0 = Debug|Any CPU
		{7461D4C7-2A4D-4A4A-92CA-874E95C499BE}.Debug|x86.ActiveCfg = Debug|Any CPU
		{7461D4C7-2A4D-4A4A-92CA-874E95C499BE}.Debug|x86.Build.0 = Debug|Any CPU
		{7461D4C7-2A4D-4A4A-92CA-874E95C499BE}.Release|Any CPU.ActiveCfg = Release|Any CPU
		{7461D4C7-2A4D-4A4A-92CA-874E95C499BE}.Release|Any CPU.Build.0 = Release|Any CPU
		{7461D4C7-2A4D-4A4A-92CA-874E95C499BE}.Release|x64.ActiveCfg = Release|Any CPU
		{7461D4C7-2A4D-4A4A-92CA-874E95C499BE}.Release|x64.Build.0 = Release|Any CPU
		{7461D4C7-2A4D-4A4A-92CA-874E95C499BE}.Release|x86.ActiveCfg = Release|Any CPU
		{7461D4C7-2A4D-4A4A-92CA-874E95C499BE}.Release|x86.Build.0 = Release|Any CPU
	EndGlobalSection
	GlobalSection(SolutionProperties) = preSolution
		HideSolutionNode = FALSE
	EndGlobalSection
	GlobalSection(NestedProjects) = preSolution
		{EA77D336-93DC-4D82-88F1-D760A18AE856} = {4A1645B2-CB7C-94BE-78BC-C40126DF7D0C}
	EndGlobalSection
EndGlobal
